{
    "_meta": {
        "hash": {
            "sha256": "11a3134e7afa3e2ab5b7ae7977957d53016bd6a8e8a45533f8ee319a7c8962a4"
        },
        "pipfile-spec": 6,
        "requires": {
            "python_version": "3.7"
        },
        "sources": [
            {
                "name": "pypi",
                "url": "https://pypi.org/simple",
                "verify_ssl": true
            }
        ]
    },
    "default": {
        "click": {
            "hashes": [
                "sha256:2335065e6395b9e67ca716de5f7526736bfa6ceead690adf616d925bdc622b13",
                "sha256:5b94b49521f6456670fdb30cd82a4eca9412788a93fa6dd6df72c94d5a8ff2d7"
            ],
            "version": "==7.0"
        },
        "dynaconf": {
            "hashes": [
                "sha256:314f661a0e9e6a76f21af9556f383f9561eb15204aeda4ab22fcd20f7f9f31c0",
                "sha256:3d1314ef06ea02864c712871b747a1f60a167328446bb40158e01b96fbfbafbf"
            ],
            "index": "pypi",
            "version": "==1.2.0"
        },
        "python-box": {
            "hashes": [
                "sha256:3330f264ef8deb7016a002911d345a99977e2977bf5b4a1a649f63866d3d0e5b",
                "sha256:4bde84c7fa4282fe9ee4e584234571c25c03130bbbfbebe4ae369eced9a8e3e6",
                "sha256:f0f4c36b6209181aa74fa7f14660a1542162178765f30527e092b8fecc64595b"
            ],
            "version": "==3.2.3"
        },
        "python-dotenv": {
            "hashes": [
                "sha256:a84569d0e00d178bc5b957f7ff208bf49287cbf61857c31c258c4a91f571527b",
                "sha256:c9b1ddd3cdbe75c7d462cb84674d87130f4b948f090f02c7d7144779afb99ae0"
            ],
            "version": "==0.10.1"
        },
        "six": {
            "hashes": [
                "sha256:3350809f0555b11f552448330d0b52d5f24c91a322ea4a15ef22629740f3761c",
                "sha256:d16a0141ec1a18405cd4ce8b4613101da75da0e9a7aec5bdd4fa804d0e0eba73"
            ],
            "version": "==1.12.0"
        },
        "toml": {
            "hashes": [
                "sha256:229f81c57791a41d65e399fc06bf0848bab550a9dfd5ed66df18ce5f05e73d5c",
                "sha256:235682dd292d5899d361a811df37e04a8828a5b1da3115886b73cf81ebc9100e"
            ],
            "version": "==0.10.0"
        }
    },
    "develop": {}
}
